<?xml version="1.0" encoding="utf-8"?>
<Project ToolsVersion="4.0" xmlns="http://schemas.microsoft.com/developer/msbuild/2003">
  <ItemGroup>
    <Filter Include="Source Files">
      <UniqueIdentifier>{4FC737F1-C7A5-4376-A066-2A32D752A2FF}</UniqueIdentifier>
      <Extensions>cpp;c;cc;cxx;c++;cppm;ixx;def;odl;idl;hpj;bat;asm;asmx</Extensions>
    </Filter>
    <Filter Include="Header Files">
      <UniqueIdentifier>{93995380-89BD-4b04-88EB-625FBE52EBFB}</UniqueIdentifier>
      <Extensions>h;hh;hpp;hxx;h++;hm;inl;inc;ipp;xsd</Extensions>
    </Filter>
    <Filter Include="Resource Files">
      <UniqueIdentifier>{67DA6AB6-F800-4c08-8B7A-83BB121AAD01}</UniqueIdentifier>
      <Extensions>rc;ico;cur;bmp;dlg;rc2;rct;bin;rgs;gif;jpg;jpeg;jpe;resx;tiff;tif;png;wav;mfcribbon-ms</Extensions>
    </Filter>
  </ItemGroup>
  <ItemGroup>
    <ClCompile Include="AudioManager.cpp">
      <Filter>Source Files</Filter>
    </ClCompile>
    <ClCompile Include="AudioSessionEventNotifier.cpp">
      <Filter>Source Files</Filter>
    </ClCompile>
    <ClCompile Include="AudioSessionNotifier.cpp">
      <Filter>Source Files</Filter>
    </ClCompile>
    <ClCompile Include="Helpers.cpp">
      <Filter>Source Files</Filter>
    </ClCompile>
    <ClCompile Include="Midi.cpp">
      <Filter>Source Files</Filter>
    </ClCompile>
    <ClCompile Include="main.cpp">
      <Filter>Source Files</Filter>
    </ClCompile>
    <ClCompile Include="action\EmptyAction.cpp">
      <Filter>Source Files</Filter>
    </ClCompile>
    <ClCompile Include="action\InputAction.cpp">
      <Filter>Source Files</Filter>
    </ClCompile>
    <ClCompile Include="action\ActionError.cpp">
      <Filter>Source Files</Filter>
    </ClCompile>
    <ClCompile Include="action\KeyboardAction.cpp">
      <Filter>Source Files</Filter>
    </ClCompile>
    <ClCompile Include="action\GlobalVolumeSet.cpp">
      <Filter>Source Files</Filter>
    </ClCompile>
    <ClCompile Include="action\SessionVolumeControl.cpp">
      <Filter>Source Files</Filter>
    </ClCompile>
    <ClCompile Include="action\SessionVolumeSet.cpp">
      <Filter>Source Files</Filter>
    </ClCompile>
    <ClCompile Include="action\SessionVolumeMute.cpp">
      <Filter>Source Files</Filter>
    </ClCompile>
    <ClCompile Include="action\Generator.cpp">
      <Filter>Source Files</Filter>
    </ClCompile>
    <ClCompile Include="MidiClient.cpp">
      <Filter>Source Files</Filter>
    </ClCompile>
  </ItemGroup>
  <ItemGroup>
    <ClInclude Include="AudioManager.h">
      <Filter>Header Files</Filter>
    </ClInclude>
    <ClInclude Include="AudioSessionEventNotifier.h">
      <Filter>Header Files</Filter>
    </ClInclude>
    <ClInclude Include="AudioSessionNotifier.h">
      <Filter>Header Files</Filter>
    </ClInclude>
    <ClInclude Include="Helpers.h">
      <Filter>Header Files</Filter>
    </ClInclude>
    <ClInclude Include="Midi.h">
      <Filter>Header Files</Filter>
    </ClInclude>
    <ClInclude Include="action\IAction.h">
      <Filter>Header Files</Filter>
    </ClInclude>
    <ClInclude Include="action\EmptyAction.h">
      <Filter>Header Files</Filter>
    </ClInclude>
    <ClInclude Include="action\InputAction.h">
      <Filter>Header Files</Filter>
    </ClInclude>
    <ClInclude Include="action\ActionError.h">
      <Filter>Header Files</Filter>
    </ClInclude>
    <ClInclude Include="action\KeyboardAction.h">
      <Filter>Header Files</Filter>
    </ClInclude>
    <ClInclude Include="action\GlobalVolumeSet.h">
      <Filter>Header Files</Filter>
    </ClInclude>
    <ClInclude Include="action\SessionVolumeControl.h">
      <Filter>Header Files</Filter>
    </ClInclude>
    <ClInclude Include="action\SessionVolumeSet.h">
      <Filter>Header Files</Filter>
    </ClInclude>
    <ClInclude Include="action\SessionVolumeMute.h">
      <Filter>Header Files</Filter>
    </ClInclude>
    <ClInclude Include="action\ConditionalAction.h">
      <Filter>Header Files</Filter>
    </ClInclude>
    <ClInclude Include="action\Generator.h">
      <Filter>Header Files</Filter>
    </ClInclude>
    <ClInclude Include="Macros.h">
      <Filter>Header Files</Filter>
    </ClInclude>
    <ClInclude Include="MidiClient.h">
      <Filter>Header Files</Filter>
    </ClInclude>
  </ItemGroup>
  <ItemGroup>
    <None Include="packages.config" />
  </ItemGroup>
  <ItemGroup>
    <Xsd Include="profile.xsd">
      <Filter>Header Files</Filter>
    </Xsd>
  </ItemGroup>
</Project>